
Microsoft Visual Studio Solution File, Format Version 12.00
# Visual Studio Version 17
VisualStudioVersion = 17.7.34031.279
MinimumVisualStudioVersion = 10.0.40219.1
Project("{F184B08F-C81C-45F6-A57F-5ABD9991F28F}") = "14 Square Root Function", "14 Square Root Function.vbproj", "{884CFE87-B86B-4DB3-93D0-1D51832243E1}"
EndProject
Global
	GlobalSection(SolutionConfigurationPlatforms) = preSolution
		Debug|Any CPU = Debug|Any CPU
		Release|Any CPU = Release|Any CPU
	EndGlobalSection
	GlobalSection(ProjectConfigurationPlatforms) = postSolution
		{884CFE87-B86B-4DB3-93D0-1D51832243E1}.Debug|Any CPU.ActiveCfg = Debug|Any CPU
		{884CFE87-B86B-4DB3-93D0-1D51832243E1}.Debug|Any CPU.Build.0 = Debug|Any CPU
		{884CFE87-B86B-4DB3-93D0-1D51832243E1}.Release|Any CPU.ActiveCfg = Release|Any CPU
		{884CFE87-B86B-4DB3-93D0-1D51832243E1}.Release|Any CPU.Build.0 = Release|Any CPU
	EndGlobalSection
	GlobalSection(SolutionProperties) = preSolution
		HideSolutionNode = FALSE
	EndGlobalSection
	GlobalSection(ExtensibilityGlobals) = postSolution
		SolutionGuid = {9FFEFB4A-98C5-4965-9EB6-DFF5DA24F254}
	EndGlobalSection
EndGlobal
